// !$*UTF8*$!
{
	archiveVersion = 1;
	classes = {
	};
	objectVersion = 46;
	objects = {

/* Begin PBXBuildFile section */
		04ACE7271A6720C700E0BBB5 /* AppDelegate.swift in Sources */ = {isa = PBXBuildFile; fileRef = 04ACE7261A6720C700E0BBB5 /* AppDelegate.swift */; };
		04ACE7291A6720C700E0BBB5 /* ViewController.swift in Sources */ = {isa = PBXBuildFile; fileRef = 04ACE7281A6720C700E0BBB5 /* ViewController.swift */; };
		04ACE72C1A6720C700E0BBB5 /* Main.storyboard in Resources */ = {isa = PBXBuildFile; fileRef = 04ACE72A1A6720C700E0BBB5 /* Main.storyboard */; };
		04ACE72E1A6720C700E0BBB5 /* Images.xcassets in Resources */ = {isa = PBXBuildFile; fileRef = 04ACE72D1A6720C700E0BBB5 /* Images.xcassets */; };
		04ACE7311A6720C700E0BBB5 /* LaunchScreen.xib in Resources */ = {isa = PBXBuildFile; fileRef = 04ACE72F1A6720C700E0BBB5 /* LaunchScreen.xib */; };
		04ACE73D1A6720C700E0BBB5 /* DirtyKeysSampleTests.swift in Sources */ = {isa = PBXBuildFile; fileRef = 04ACE73C1A6720C700E0BBB5 /* DirtyKeysSampleTests.swift */; };
		04ACE74F1A67212C00E0BBB5 /* KeyboardViewController.swift in Sources */ = {isa = PBXBuildFile; fileRef = 04ACE74E1A67212C00E0BBB5 /* KeyboardViewController.swift */; };
		04ACE7521A67212C00E0BBB5 /* DirtyKeys.appex in Embed App Extensions */ = {isa = PBXBuildFile; fileRef = 04ACE74A1A67212C00E0BBB5 /* DirtyKeys.appex */; settings = {ATTRIBUTES = (RemoveHeadersOnCopy, ); }; };
/* End PBXBuildFile section */

/* Begin PBXContainerItemProxy section */
		04ACE7371A6720C700E0BBB5 /* PBXContainerItemProxy */ = {
			isa = PBXContainerItemProxy;
			containerPortal = 04ACE7191A6720C700E0BBB5 /* Project object */;
			proxyType = 1;
			remoteGlobalIDString = 04ACE7201A6720C700E0BBB5;
			remoteInfo = DirtyKeysSample;
		};
		04ACE7501A67212C00E0BBB5 /* PBXContainerItemProxy */ = {
			isa = PBXContainerItemProxy;
			containerPortal = 04ACE7191A6720C700E0BBB5 /* Project object */;
			proxyType = 1;
			remoteGlobalIDString = 04ACE7491A67212C00E0BBB5;
			remoteInfo = DirtyKeys;
		};
/* End PBXContainerItemProxy section */

/* Begin PBXCopyFilesBuildPhase section */
		04ACE7561A67212C00E0BBB5 /* Embed App Extensions */ = {
			isa = PBXCopyFilesBuildPhase;
			buildActionMask = 2147483647;
			dstPath = "";
			dstSubfolderSpec = 13;
			files = (
				04ACE7521A67212C00E0BBB5 /* DirtyKeys.appex in Embed App Extensions */,
			);
			name = "Embed App Extensions";
			runOnlyForDeploymentPostprocessing = 0;
		};
/* End PBXCopyFilesBuildPhase section */

/* Begin PBXFileReference section */
		04ACE7211A6720C700E0BBB5 /* DirtyKeysSample.app */ = {isa = PBXFileReference; explicitFileType = wrapper.application; includeInIndex = 0; path = DirtyKeysSample.app; sourceTree = BUILT_PRODUCTS_DIR; };
		04ACE7251A6720C700E0BBB5 /* Info.plist */ = {isa = PBXFileReference; lastKnownFileType = text.plist.xml; path = Info.plist; sourceTree = "<group>"; };
		04ACE7261A6720C700E0BBB5 /* AppDelegate.swift */ = {isa = PBXFileReference; lastKnownFileType = sourcecode.swift; path = AppDelegate.swift; sourceTree = "<group>"; };
		04ACE7281A6720C700E0BBB5 /* ViewController.swift */ = {isa = PBXFileReference; lastKnownFileType = sourcecode.swift; path = ViewController.swift; sourceTree = "<group>"; };
		04ACE72B1A6720C700E0BBB5 /* Base */ = {isa = PBXFileReference; lastKnownFileType = file.storyboard; name = Base; path = Base.lproj/Main.storyboard; sourceTree = "<group>"; };
		04ACE72D1A6720C700E0BBB5 /* Images.xcassets */ = {isa = PBXFileReference; lastKnownFileType = folder.assetcatalog; path = Images.xcassets; sourceTree = "<group>"; };
		04ACE7301A6720C700E0BBB5 /* Base */ = {isa = PBXFileReference; lastKnownFileType = file.xib; name = Base; path = Base.lproj/LaunchScreen.xib; sourceTree = "<group>"; };
		04ACE7361A6720C700E0BBB5 /* DirtyKeysSampleTests.xctest */ = {isa = PBXFileReference; explicitFileType = wrapper.cfbundle; includeInIndex = 0; path = DirtyKeysSampleTests.xctest; sourceTree = BUILT_PRODUCTS_DIR; };
		04ACE73B1A6720C700E0BBB5 /* Info.plist */ = {isa = PBXFileReference; lastKnownFileType = text.plist.xml; path = Info.plist; sourceTree = "<group>"; };
		04ACE73C1A6720C700E0BBB5 /* DirtyKeysSampleTests.swift */ = {isa = PBXFileReference; lastKnownFileType = sourcecode.swift; path = DirtyKeysSampleTests.swift; sourceTree = "<group>"; };
		04ACE74A1A67212C00E0BBB5 /* DirtyKeys.appex */ = {isa = PBXFileReference; explicitFileType = "wrapper.app-extension"; includeInIndex = 0; path = DirtyKeys.appex; sourceTree = BUILT_PRODUCTS_DIR; };
		04ACE74D1A67212C00E0BBB5 /* Info.plist */ = {isa = PBXFileReference; lastKnownFileType = text.plist.xml; path = Info.plist; sourceTree = "<group>"; };
		04ACE74E1A67212C00E0BBB5 /* KeyboardViewController.swift */ = {isa = PBXFileReference; lastKnownFileType = sourcecode.swift; path = KeyboardViewController.swift; sourceTree = "<group>"; };
/* End PBXFileReference section */

/* Begin PBXFrameworksBuildPhase section */
		04ACE71E1A6720C700E0BBB5 /* Frameworks */ = {
			isa = PBXFrameworksBuildPhase;
			buildActionMask = 2147483647;
			files = (
			);
			runOnlyForDeploymentPostprocessing = 0;
		};
		04ACE7331A6720C700E0BBB5 /* Frameworks */ = {
			isa = PBXFrameworksBuildPhase;
			buildActionMask = 2147483647;
			files = (
			);
			runOnlyForDeploymentPostprocessing = 0;
		};
		04ACE7471A67212C00E0BBB5 /* Frameworks */ = {
			isa = PBXFrameworksBuildPhase;
			buildActionMask = 2147483647;
			files = (
			);
			runOnlyForDeploymentPostprocessing = 0;
		};
/* End PBXFrameworksBuildPhase section */

/* Begin PBXGroup section */
		04ACE7181A6720C700E0BBB5 = {
			isa = PBXGroup;
			children = (
				04ACE7231A6720C700E0BBB5 /* DirtyKeysSample */,
				04ACE7391A6720C700E0BBB5 /* DirtyKeysSampleTests */,
				04ACE74B1A67212C00E0BBB5 /* DirtyKeys */,
				04ACE7221A6720C700E0BBB5 /* Products */,
			);
			sourceTree = "<group>";
		};
		04ACE7221A6720C700E0BBB5 /* Products */ = {
			isa = PBXGroup;
			children = (
				04ACE7211A6720C700E0BBB5 /* DirtyKeysSample.app */,
				04ACE7361A6720C700E0BBB5 /* DirtyKeysSampleTests.xctest */,
				04ACE74A1A67212C00E0BBB5 /* DirtyKeys.appex */,
			);
			name = Products;
			sourceTree = "<group>";
		};
		04ACE7231A6720C700E0BBB5 /* DirtyKeysSample */ = {
			isa = PBXGroup;
			children = (
				04ACE7261A6720C700E0BBB5 /* AppDelegate.swift */,
				04ACE7281A6720C700E0BBB5 /* ViewController.swift */,
				04ACE72A1A6720C700E0BBB5 /* Main.storyboard */,
				04ACE72D1A6720C700E0BBB5 /* Images.xcassets */,
				04ACE72F1A6720C700E0BBB5 /* LaunchScreen.xib */,
				04ACE7241A6720C700E0BBB5 /* Supporting Files */,
			);
			path = DirtyKeysSample;
			sourceTree = "<group>";
		};
		04ACE7241A6720C700E0BBB5 /* Supporting Files */ = {
			isa = PBXGroup;
			children = (
				04ACE7251A6720C700E0BBB5 /* Info.plist */,
			);
			name = "Supporting Files";
			sourceTree = "<group>";
		};
		04ACE7391A6720C700E0BBB5 /* DirtyKeysSampleTests */ = {
			isa = PBXGroup;
			children = (
				04ACE73C1A6720C700E0BBB5 /* DirtyKeysSampleTests.swift */,
				04ACE73A1A6720C700E0BBB5 /* Supporting Files */,
			);
			path = DirtyKeysSampleTests;
			sourceTree = "<group>";
		};
		04ACE73A1A6720C700E0BBB5 /* Supporting Files */ = {
			isa = PBXGroup;
			children = (
				04ACE73B1A6720C700E0BBB5 /* Info.plist */,
			);
			name = "Supporting Files";
			sourceTree = "<group>";
		};
		04ACE74B1A67212C00E0BBB5 /* DirtyKeys */ = {
			isa = PBXGroup;
			children = (
				04ACE74E1A67212C00E0BBB5 /* KeyboardViewController.swift */,
				04ACE74C1A67212C00E0BBB5 /* Supporting Files */,
			);
			path = DirtyKeys;
			sourceTree = "<group>";
		};
		04ACE74C1A67212C00E0BBB5 /* Supporting Files */ = {
			isa = PBXGroup;
			children = (
				04ACE74D1A67212C00E0BBB5 /* Info.plist */,
			);
			name = "Supporting Files";
			sourceTree = "<group>";
		};
/* End PBXGroup section */

/* Begin PBXNativeTarget section */
		04ACE7201A6720C700E0BBB5 /* DirtyKeysSample */ = {
			isa = PBXNativeTarget;
			buildConfigurationList = 04ACE7401A6720C700E0BBB5 /* Build configuration list for PBXNativeTarget "DirtyKeysSample" */;
			buildPhases = (
				04ACE71D1A6720C700E0BBB5 /* Sources */,
				04ACE71E1A6720C700E0BBB5 /* Frameworks */,
				04ACE71F1A6720C700E0BBB5 /* Resources */,
				04ACE7561A67212C00E0BBB5 /* Embed App Extensions */,
			);
			buildRules = (
			);
			dependencies = (
				04ACE7511A67212C00E0BBB5 /* PBXTargetDependency */,
			);
			name = DirtyKeysSample;
			productName = DirtyKeysSample;
			productReference = 04ACE7211A6720C700E0BBB5 /* DirtyKeysSample.app */;
			productType = "com.apple.product-type.application";
		};
		04ACE7351A6720C700E0BBB5 /* DirtyKeysSampleTests */ = {
			isa = PBXNativeTarget;
			buildConfigurationList = 04ACE7431A6720C700E0BBB5 /* Build configuration list for PBXNativeTarget "DirtyKeysSampleTests" */;
			buildPhases = (
				04ACE7321A6720C700E0BBB5 /* Sources */,
				04ACE7331A6720C700E0BBB5 /* Frameworks */,
				04ACE7341A6720C700E0BBB5 /* Resources */,
			);
			buildRules = (
			);
			dependencies = (
				04ACE7381A6720C700E0BBB5 /* PBXTargetDependency */,
			);
			name = DirtyKeysSampleTests;
			productName = DirtyKeysSampleTests;
			productReference = 04ACE7361A6720C700E0BBB5 /* DirtyKeysSampleTests.xctest */;
			productType = "com.apple.product-type.bundle.unit-test";
		};
		04ACE7491A67212C00E0BBB5 /* DirtyKeys */ = {
			isa = PBXNativeTarget;
			buildConfigurationList = 04ACE7531A67212C00E0BBB5 /* Build configuration list for PBXNativeTarget "DirtyKeys" */;
			buildPhases = (
				04ACE7461A67212C00E0BBB5 /* Sources */,
				04ACE7471A67212C00E0BBB5 /* Frameworks */,
				04ACE7481A67212C00E0BBB5 /* Resources */,
			);
			buildRules = (
			);
			dependencies = (
			);
			name = DirtyKeys;
			productName = DirtyKeys;
			productReference = 04ACE74A1A67212C00E0BBB5 /* DirtyKeys.appex */;
			productType = "com.apple.product-type.app-extension";
		};
/* End PBXNativeTarget section */

/* Begin PBXProject section */
		04ACE7191A6720C700E0BBB5 /* Project object */ = {
			isa = PBXProject;
			attributes = {
				LastUpgradeCheck = 0610;
				ORGANIZATIONNAME = MEB;
				TargetAttributes = {
					04ACE7201A6720C700E0BBB5 = {
						CreatedOnToolsVersion = 6.1.1;
					};
					04ACE7351A6720C700E0BBB5 = {
						CreatedOnToolsVersion = 6.1.1;
						TestTargetID = 04ACE7201A6720C700E0BBB5;
					};
					04ACE7491A67212C00E0BBB5 = {
						CreatedOnToolsVersion = 6.1.1;
					};
				};
			};
			buildConfigurationList = 04ACE71C1A6720C700E0BBB5 /* Build configuration list for PBXProject "DirtyKeysSample" */;
			compatibilityVersion = "Xcode 3.2";
			developmentRegion = English;
			hasScannedForEncodings = 0;
			knownRegions = (
				en,
				Base,
			);
			mainGroup = 04ACE7181A6720C700E0BBB5;
			productRefGroup = 04ACE7221A6720C700E0BBB5 /* Products */;
			projectDirPath = "";
			projectRoot = "";
			targets = (
				04ACE7201A6720C700E0BBB5 /* DirtyKeysSample */,
				04ACE7351A6720C700E0BBB5 /* DirtyKeysSampleTests */,
				04ACE7491A67212C00E0BBB5 /* DirtyKeys */,
			);
		};
/* End PBXProject section */

/* Begin PBXResourcesBuildPhase section */
		04ACE71F1A6720C700E0BBB5 /* Resources */ = {
			isa = PBXResourcesBuildPhase;
			buildActionMask = 2147483647;
			files = (
				04ACE72C1A6720C700E0BBB5 /* Main.storyboard in Resources */,
				04ACE7311A6720C700E0BBB5 /* LaunchScreen.xib in Resources */,
				04ACE72E1A6720C700E0BBB5 /* Images.xcassets in Resources */,
			);
			runOnlyForDeploymentPostprocessing = 0;
		};
		04ACE7341A6720C700E0BBB5 /* Resources */ = {
			isa = PBXResourcesBuildPhase;
			buildActionMask = 2147483647;
			files = (
			);
			runOnlyForDeploymentPostprocessing = 0;
		};
		04ACE7481A67212C00E0BBB5 /* Resources */ = {
			isa = PBXResourcesBuildPhase;
			buildActionMask = 2147483647;
			files = (
			);
			runOnlyForDeploymentPostprocessing = 0;
		};
/* End PBXResourcesBuildPhase section */

/* Begin PBXSourcesBuildPhase section */
		04ACE71D1A6720C700E0BBB5 /* Sources */ = {
			isa = PBXSourcesBuildPhase;
			buildActionMask = 2147483647;
			files = (
				04ACE7291A6720C700E0BBB5 /* ViewController.swift in Sources */,
				04ACE7271A6720C700E0BBB5 /* AppDelegate.swift in Sources */,
			);
			runOnlyForDeploymentPostprocessing = 0;
		};
		04ACE7321A6720C700E0BBB5 /* Sources */ = {
			isa = PBXSourcesBuildPhase;
			buildActionMask = 2147483647;
			files = (
				04ACE73D1A6720C700E0BBB5 /* DirtyKeysSampleTests.swift in Sources */,
			);
			runOnlyForDeploymentPostprocessing = 0;
		};
		04ACE7461A67212C00E0BBB5 /* Sources */ = {
			isa = PBXSourcesBuildPhase;
			buildActionMask = 2147483647;
			files = (
				04ACE74F1A67212C00E0BBB5 /* KeyboardViewController.swift in Sources */,
			);
			runOnlyForDeploymentPostprocessing = 0;
		};
/* End PBXSourcesBuildPhase section */

/* Begin PBXTargetDependency section */
		04ACE7381A6720C700E0BBB5 /* PBXTargetDependency */ = {
			isa = PBXTargetDependency;
			target = 04ACE7201A6720C700E0BBB5 /* DirtyKeysSample */;
			targetProxy = 04ACE7371A6720C700E0BBB5 /* PBXContainerItemProxy */;
		};
		04ACE7511A67212C00E0BBB5 /* PBXTargetDependency */ = {
			isa = PBXTargetDependency;
			target = 04ACE7491A67212C00E0BBB5 /* DirtyKeys */;
			targetProxy = 04ACE7501A67212C00E0BBB5 /* PBXContainerItemProxy */;
		};
/* End PBXTargetDependency section */

/* Begin PBXVariantGroup section */
		04ACE72A1A6720C700E0BBB5 /* Main.storyboard */ = {
			isa = PBXVariantGroup;
			children = (
				04ACE72B1A6720C700E0BBB5 /* Base */,
			);
			name = Main.storyboard;
			sourceTree = "<group>";
		};
		04ACE72F1A6720C700E0BBB5 /* LaunchScreen.xib */ = {
			isa = PBXVariantGroup;
			children = (
				04ACE7301A6720C700E0BBB5 /* Base */,
			);
			name = LaunchScreen.xib;
			sourceTree = "<group>";
		};
/* End PBXVariantGroup section */

/* Begin XCBuildConfiguration section */
		04ACE73E1A6720C700E0BBB5 /* Debug */ = {
			isa = XCBuildConfiguration;
			buildSettings = {
				ALWAYS_SEARCH_USER_PATHS = NO;
				CLANG_CXX_LANGUAGE_STANDARD = "gnu++0x";
				CLANG_CXX_LIBRARY = "libc++";
				CLANG_ENABLE_MODULES = YES;
				CLANG_ENABLE_OBJC_ARC = YES;
				CLANG_WARN_BOOL_CONVERSION = YES;
				CLANG_WARN_CONSTANT_CONVERSION = YES;
				CLANG_WARN_DIRECT_OBJC_ISA_USAGE = YES_ERROR;
				CLANG_WARN_EMPTY_BODY = YES;
				CLANG_WARN_ENUM_CONVERSION = YES;
				CLANG_WARN_INT_CONVERSION = YES;
				CLANG_WARN_OBJC_ROOT_CLASS = YES_ERROR;
				CLANG_WARN_UNREACHABLE_CODE = YES;
				CLANG_WARN__DUPLICATE_METHOD_MATCH = YES;
				"CODE_SIGN_IDENTITY[sdk=iphoneos*]" = "iPhone Developer";
				COPY_PHASE_STRIP = NO;
				ENABLE_STRICT_OBJC_MSGSEND = YES;
				GCC_C_LANGUAGE_STANDARD = gnu99;
				GCC_DYNAMIC_NO_PIC = NO;
				GCC_OPTIMIZATION_LEVEL = 0;
				GCC_PREPROCESSOR_DEFINITIONS = (
					"DEBUG=1",
					"$(inherited)",
				);
				GCC_SYMBOLS_PRIVATE_EXTERN = NO;
				GCC_WARN_64_TO_32_BIT_CONVERSION = YES;
				GCC_WARN_ABOUT_RETURN_TYPE = YES_ERROR;
				GCC_WARN_UNDECLARED_SELECTOR = YES;
				GCC_WARN_UNINITIALIZED_AUTOS = YES_AGGRESSIVE;
				GCC_WARN_UNUSED_FUNCTION = YES;
				GCC_WARN_UNUSED_VARIABLE = YES;
				IPHONEOS_DEPLOYMENT_TARGET = 8.1;
				MTL_ENABLE_DEBUG_INFO = YES;
				ONLY_ACTIVE_ARCH = YES;
				SDKROOT = iphoneos;
				SWIFT_OPTIMIZATION_LEVEL = "-Onone";
			};
			name = Debug;
		};
		04ACE73F1A6720C700E0BBB5 /* Release */ = {
			isa = XCBuildConfiguration;
			buildSettings = {
				ALWAYS_SEARCH_USER_PATHS = NO;
				CLANG_CXX_LANGUAGE_STANDARD = "gnu++0x";
				CLANG_CXX_LIBRARY = "libc++";
				CLANG_ENABLE_MODULES = YES;
				CLANG_ENABLE_OBJC_ARC = YES;
				CLANG_WARN_BOOL_CONVERSION = YES;
				CLANG_WARN_CONSTANT_CONVERSION = YES;
				CLANG_WARN_DIRECT_OBJC_ISA_USAGE = YES_ERROR;
				CLANG_WARN_EMPTY_BODY = YES;
				CLANG_WARN_ENUM_CONVERSION = YES;
				CLANG_WARN_INT_CONVERSION = YES;
				CLANG_WARN_OBJC_ROOT_CLASS = YES_ERROR;
				CLANG_WARN_UNREACHABLE_CODE = YES;
				CLANG_WARN__DUPLICATE_METHOD_MATCH = YES;
				"CODE_SIGN_IDENTITY[sdk=iphoneos*]" = "iPhone Developer";
				COPY_PHASE_STRIP = YES;
				ENABLE_NS_ASSERTIONS = NO;
				ENABLE_STRICT_OBJC_MSGSEND = YES;
				GCC_C_LANGUAGE_STANDARD = gnu99;
				GCC_WARN_64_TO_32_BIT_CONVERSION = YES;
				GCC_WARN_ABOUT_RETURN_TYPE = YES_ERROR;
				GCC_WARN_UNDECLARED_SELECTOR = YES;
				GCC_WARN_UNINITIALIZED_AUTOS = YES_AGGRESSIVE;
				GCC_WARN_UNUSED_FUNCTION = YES;
				GCC_WARN_UNUSED_VARIABLE = YES;
				IPHONEOS_DEPLOYMENT_TARGET = 8.1;
				MTL_ENABLE_DEBUG_INFO = NO;
				SDKROOT = iphoneos;
				VALIDATE_PRODUCT = YES;
			};
			name = Release;
		};
		04ACE7411A6720C700E0BBB5 /* Debug */ = {
			isa = XCBuildConfiguration;
			buildSettings = {
				ASSETCATALOG_COMPILER_APPICON_NAME = AppIcon;
				EMBEDDED_CONTENT_CONTAINS_SWIFT = YES;
				INFOPLIST_FILE = DirtyKeysSample/Info.plist;
				LD_RUNPATH_SEARCH_PATHS = "$(inherited) @executable_path/Frameworks";
				PRODUCT_NAME = "$(TARGET_NAME)";
			};
			name = Debug;
		};
		04ACE7421A6720C700E0BBB5 /* Release */ = {
			isa = XCBuildConfiguration;
			buildSettings = {
				ASSETCATALOG_COMPILER_APPICON_NAME = AppIcon;
				EMBEDDED_CONTENT_CONTAINS_SWIFT = YES;
				INFOPLIST_FILE = DirtyKeysSample/Info.plist;
				LD_RUNPATH_SEARCH_PATHS = "$(inherited) @executable_path/Frameworks";
				PRODUCT_NAME = "$(TARGET_NAME)";
			};
			name = Release;
		};
		04ACE7441A6720C700E0BBB5 /* Debug */ = {
			isa = XCBuildConfiguration;
			buildSettings = {
				BUNDLE_LOADER = "$(TEST_HOST)";
				FRAMEWORK_SEARCH_PATHS = (
					"$(SDKROOT)/Developer/Library/Frameworks",
					"$(inherited)",
				);
				GCC_PREPROCESSOR_DEFINITIONS = (
					"DEBUG=1",
					"$(inherited)",
				);
				INFOPLIST_FILE = DirtyKeysSampleTests/Info.plist;
				LD_RUNPATH_SEARCH_PATHS = "$(inherited) @executable_path/Frameworks @loader_path/Frameworks";
				PRODUCT_NAME = "$(TARGET_NAME)";
				TEST_HOST = "$(BUILT_PRODUCTS_DIR)/DirtyKeysSample.app/DirtyKeysSample";
			};
			name = Debug;
		};
		04ACE7451A6720C700E0BBB5 /* Release */ = {
			isa = XCBuildConfiguration;
			buildSettings = {
				BUNDLE_LOADER = "$(TEST_HOST)";
				FRAMEWORK_SEARCH_PATHS = (
					"$(SDKROOT)/Developer/Library/Frameworks",
					"$(inherited)",
				);
				INFOPLIST_FILE = DirtyKeysSampleTests/Info.plist;
				LD_RUNPATH_SEARCH_PATHS = "$(inherited) @executable_path/Frameworks @loader_path/Frameworks";
				PRODUCT_NAME = "$(TARGET_NAME)";
				TEST_HOST = "$(BUILT_PRODUCTS_DIR)/DirtyKeysSample.app/DirtyKeysSample";
			};
			name = Release;
		};
		04ACE7541A67212C00E0BBB5 /* Debug */ = {
			isa = XCBuildConfiguration;
			buildSettings = {
				GCC_PREPROCESSOR_DEFINITIONS = (
					"DEBUG=1",
					"$(inherited)",
				);
				INFOPLIST_FILE = DirtyKeys/Info.plist;
				LD_RUNPATH_SEARCH_PATHS = "$(inherited) @executable_path/Frameworks @executable_path/../../Frameworks";
				PRODUCT_NAME = "$(TARGET_NAME)";
				SKIP_INSTALL = YES;
			};
			name = Debug;
		};
		04ACE7551A67212C00E0BBB5 /* Release */ = {
			isa = XCBuildConfiguration;
			buildSettings = {
				INFOPLIST_FILE = DirtyKeys/Info.plist;
				LD_RUNPATH_SEARCH_PATHS = "$(inherited) @executable_path/Frameworks @executable_path/../../Frameworks";
				PRODUCT_NAME = "$(TARGET_NAME)";
				SKIP_INSTALL = YES;
			};
			name = Release;
		};
/* End XCBuildConfiguration section */

/* Begin XCConfigurationList section */
		04ACE71C1A6720C700E0BBB5 /* Build configuration list for PBXProject "DirtyKeysSample" */ = {
			isa = XCConfigurationList;
			buildConfigurations = (
				04ACE73E1A6720C700E0BBB5 /* Debug */,
				04ACE73F1A6720C700E0BBB5 /* Release */,
			);
			defaultConfigurationIsVisible = 0;
			defaultConfigurationName = Release;
		};
		04ACE7401A6720C700E0BBB5 /* Build configuration list for PBXNativeTarget "DirtyKeysSample" */ = {
			isa = XCConfigurationList;
			buildConfigurations = (
				04ACE7411A6720C700E0BBB5 /* Debug */,
				04ACE7421A6720C700E0BBB5 /* Release */,
			);
			defaultConfigurationIsVisible = 0;
		};
		04ACE7431A6720C700E0BBB5 /* Build configuration list for PBXNativeTarget "DirtyKeysSampleTests" */ = {
			isa = XCConfigurationList;
			buildConfigurations = (
				04ACE7441A6720C700E0BBB5 /* Debug */,
				04ACE7451A6720C700E0BBB5 /* Release */,
			);
			defaultConfigurationIsVisible = 0;
		};
		04ACE7531A67212C00E0BBB5 /* Build configuration list for PBXNativeTarget "DirtyKeys" */ = {
			isa = XCConfigurationList;
			buildConfigurations = (
				04ACE7541A67212C00E0BBB5 /* Debug */,
				04ACE7551A67212C00E0BBB5 /* Release */,
			);
			defaultConfigurationIsVisible = 0;
		};
/* End XCConfigurationList section */
	};
	rootObject = 04ACE7191A6720C700E0BBB5 /* Project object */;
}
